
Microsoft Visual Studio Solution File, Format Version 12.00
# Visual Studio Version 17
VisualStudioVersion = 17.4.33213.308
MinimumVisualStudioVersion = 10.0.40219.1
Project("{FAE04EC0-301F-11D3-BF4B-00C04F79EFBC}") = "WebApi", "WebApi\WebApi.csproj", "{5FCDE71F-5230-4341-920F-CD99719C420A}"
EndProject
Project("{FAE04EC0-301F-11D3-BF4B-00C04F79EFBC}") = "WebApp", "WebApp\WebApp.csproj", "{41797A97-4861-4F56-9D46-06BABE58164C}"
EndProject
Global
	GlobalSection(SolutionConfigurationPlatforms) = preSolution
		Debug|Any CPU = Debug|Any CPU
		Release|Any CPU = Release|Any CPU
	EndGlobalSection
	GlobalSection(ProjectConfigurationPlatforms) = postSolution
		{5FCDE71F-5230-4341-920F-CD99719C420A}.Debug|Any CPU.ActiveCfg = Debug|Any CPU
		{5FCDE71F-5230-4341-920F-CD99719C420A}.Debug|Any CPU.Build.0 = Debug|Any CPU
		{5FCDE71F-5230-4341-920F-CD99719C420A}.Release|Any CPU.ActiveCfg = Release|Any CPU
		{5FCDE71F-5230-4341-920F-CD99719C420A}.Release|Any CPU.Build.0 = Release|Any CPU
		{41797A97-4861-4F56-9D46-06BABE58164C}.Debug|Any CPU.ActiveCfg = Debug|Any CPU
		{41797A97-4861-4F56-9D46-06BABE58164C}.Debug|Any CPU.Build.0 = Debug|Any CPU
		{41797A97-4861-4F56-9D46-06BABE58164C}.Release|Any CPU.ActiveCfg = Release|Any CPU
		{41797A97-4861-4F56-9D46-06BABE58164C}.Release|Any CPU.Build.0 = Release|Any CPU
	EndGlobalSection
	GlobalSection(SolutionProperties) = preSolution
		HideSolutionNode = FALSE
	EndGlobalSection
	GlobalSection(ExtensibilityGlobals) = postSolution
		SolutionGuid = {CEAF2536-368E-4C3D-B343-0BA41BE17CFE}
	EndGlobalSection
EndGlobal
